Microsoft Visual Studio Solution File, Format Version 8.00
Project("{FAE04EC0-301F-11D3-BF4B-00C04F79EFBC}") = "KrakatauEPM", "KrakatauEPM\KrakatauEPM.csproj", "{ECB1E964-2D51-4BFB-9509-5CB8C04E5411}"
	ProjectSection(ProjectDependencies) = postProject
	EndProjectSection
EndProject
Global
	GlobalSection(SolutionConfiguration) = preSolution
		Debug = Debug
		Release = Release
	EndGlobalSection
	GlobalSection(ProjectConfiguration) = postSolution
		{ECB1E964-2D51-4BFB-9509-5CB8C04E5411}.Debug.ActiveCfg = Debug|.NET
		{ECB1E964-2D51-4BFB-9509-5CB8C04E5411}.Debug.Build.0 = Debug|.NET
		{ECB1E964-2D51-4BFB-9509-5CB8C04E5411}.Release.ActiveCfg = Debug|.NET
		{ECB1E964-2D51-4BFB-9509-5CB8C04E5411}.Release.Build.0 = Debug|.NET
	EndGlobalSection
	GlobalSection(ExtensibilityGlobals) = postSolution
	EndGlobalSection
	GlobalSection(ExtensibilityAddIns) = postSolution
	EndGlobalSection
EndGlobal
