
Microsoft Visual Studio Solution File, Format Version 10.00
# Visual Studio 2008
Project("{8BC9CEB8-8B4A-11D0-8D11-00A0C91BC942}") = "metrics", "metrics.vcproj", "{0F4811DC-51B1-4D5C-9AD4-843108EC1E31}"
EndProject
Global
	GlobalSection(SolutionConfigurationPlatforms) = preSolution
		CPP Lite Debug|Win32 = CPP Lite Debug|Win32
		CPP Lite Release|Win32 = CPP Lite Release|Win32
		CPP PM Debug|Win32 = CPP PM Debug|Win32
		CPP PM Release|Win32 = CPP PM Release|Win32
		CPP Pro Debug|Win32 = CPP Pro Debug|Win32
		CPP Pro Release|Win32 = CPP Pro Release|Win32
		Java Lite Debug|Win32 = Java Lite Debug|Win32
		Java Lite Release|Win32 = Java Lite Release|Win32
		Java PM Debug|Win32 = Java PM Debug|Win32
		Java PM Release|Win32 = Java PM Release|Win32
		Java Pro Debug|Win32 = Java Pro Debug|Win32
		Java Pro Release|Win32 = Java Pro Release|Win32
	EndGlobalSection
	GlobalSection(ProjectConfigurationPlatforms) = postSolution
		{0F4811DC-51B1-4D5C-9AD4-843108EC1E31}.CPP Lite Debug|Win32.ActiveCfg = CPP Lite Debug|Win32
		{0F4811DC-51B1-4D5C-9AD4-843108EC1E31}.CPP Lite Debug|Win32.Build.0 = CPP Lite Debug|Win32
		{0F4811DC-51B1-4D5C-9AD4-843108EC1E31}.CPP Lite Release|Win32.ActiveCfg = CPP Lite Release|Win32
		{0F4811DC-51B1-4D5C-9AD4-843108EC1E31}.CPP Lite Release|Win32.Build.0 = CPP Lite Release|Win32
		{0F4811DC-51B1-4D5C-9AD4-843108EC1E31}.CPP PM Debug|Win32.ActiveCfg = CPP PM Debug|Win32
		{0F4811DC-51B1-4D5C-9AD4-843108EC1E31}.CPP PM Debug|Win32.Build.0 = CPP PM Debug|Win32
		{0F4811DC-51B1-4D5C-9AD4-843108EC1E31}.CPP PM Release|Win32.ActiveCfg = CPP PM Release|Win32
		{0F4811DC-51B1-4D5C-9AD4-843108EC1E31}.CPP PM Release|Win32.Build.0 = CPP PM Release|Win32
		{0F4811DC-51B1-4D5C-9AD4-843108EC1E31}.CPP Pro Debug|Win32.ActiveCfg = CPP Pro Debug|Win32
		{0F4811DC-51B1-4D5C-9AD4-843108EC1E31}.CPP Pro Debug|Win32.Build.0 = CPP Pro Debug|Win32
		{0F4811DC-51B1-4D5C-9AD4-843108EC1E31}.CPP Pro Release|Win32.ActiveCfg = CPP Pro Release|Win32
		{0F4811DC-51B1-4D5C-9AD4-843108EC1E31}.CPP Pro Release|Win32.Build.0 = CPP Pro Release|Win32
		{0F4811DC-51B1-4D5C-9AD4-843108EC1E31}.Java Lite Debug|Win32.ActiveCfg = Java Lite Debug|Win32
		{0F4811DC-51B1-4D5C-9AD4-843108EC1E31}.Java Lite Debug|Win32.Build.0 = Java Lite Debug|Win32
		{0F4811DC-51B1-4D5C-9AD4-843108EC1E31}.Java Lite Release|Win32.ActiveCfg = Java Lite Release|Win32
		{0F4811DC-51B1-4D5C-9AD4-843108EC1E31}.Java Lite Release|Win32.Build.0 = Java Lite Release|Win32
		{0F4811DC-51B1-4D5C-9AD4-843108EC1E31}.Java PM Debug|Win32.ActiveCfg = Java PM Debug|Win32
		{0F4811DC-51B1-4D5C-9AD4-843108EC1E31}.Java PM Debug|Win32.Build.0 = Java PM Debug|Win32
		{0F4811DC-51B1-4D5C-9AD4-843108EC1E31}.Java PM Release|Win32.ActiveCfg = Java PM Release|Win32
		{0F4811DC-51B1-4D5C-9AD4-843108EC1E31}.Java PM Release|Win32.Build.0 = Java PM Release|Win32
		{0F4811DC-51B1-4D5C-9AD4-843108EC1E31}.Java Pro Debug|Win32.ActiveCfg = Java Pro Debug|Win32
		{0F4811DC-51B1-4D5C-9AD4-843108EC1E31}.Java Pro Debug|Win32.Build.0 = Java Pro Debug|Win32
		{0F4811DC-51B1-4D5C-9AD4-843108EC1E31}.Java Pro Release|Win32.ActiveCfg = Java Pro Release|Win32
		{0F4811DC-51B1-4D5C-9AD4-843108EC1E31}.Java Pro Release|Win32.Build.0 = Java Pro Release|Win32
	EndGlobalSection
	GlobalSection(SolutionProperties) = preSolution
		HideSolutionNode = FALSE
	EndGlobalSection
EndGlobal
