
Microsoft Visual Studio Solution File, Format Version 10.00
# Visual Studio 2008
Project("{8BC9CEB8-8B4A-11D0-8D11-00A0C91BC942}") = "metrics", "..\metrics\metrics.vcproj", "{0F4811DC-51B1-4D5C-9AD4-843108EC1E31}"
EndProject
Project("{8BC9CEB8-8B4A-11D0-8D11-00A0C91BC942}") = "prep_lib", "..\prep_lib\prep_lib.vcproj", "{388BDF3F-182D-4FD4-9B36-BBEC1DFEEBC2}"
EndProject
Project("{8BC9CEB8-8B4A-11D0-8D11-00A0C91BC942}") = "Run", "..\Run\Run.vcproj", "{F8063924-08C7-4D99-AD83-9CBFEDCF76E1}"
EndProject
Global
	GlobalSection(SolutionConfigurationPlatforms) = preSolution
		Console Release|Win32 = Console Release|Win32
		CPP Lite Debug|Win32 = CPP Lite Debug|Win32
		CPP Lite Release|Win32 = CPP Lite Release|Win32
		CPP PM Debug|Win32 = CPP PM Debug|Win32
		CPP PM Release|Win32 = CPP PM Release|Win32
		CPP Pro Debug|Win32 = CPP Pro Debug|Win32
		CPP Pro Release|Win32 = CPP Pro Release|Win32
		Debug|Win32 = Debug|Win32
		Java Lite Debug|Win32 = Java Lite Debug|Win32
		Java Lite Release|Win32 = Java Lite Release|Win32
		Java PM Debug|Win32 = Java PM Debug|Win32
		Java PM Release|Win32 = Java PM Release|Win32
		Java Pro Debug|Win32 = Java Pro Debug|Win32
		Java Pro Release|Win32 = Java Pro Release|Win32
		Release|Win32 = Release|Win32
	EndGlobalSection
	GlobalSection(ProjectConfigurationPlatforms) = postSolution
		{0F4811DC-51B1-4D5C-9AD4-843108EC1E31}.Console Release|Win32.ActiveCfg = CPP Lite Debug|Win32
		{0F4811DC-51B1-4D5C-9AD4-843108EC1E31}.Console Release|Win32.Build.0 = CPP Lite Debug|Win32
		{0F4811DC-51B1-4D5C-9AD4-843108EC1E31}.CPP Lite Debug|Win32.ActiveCfg = CPP Lite Debug|Win32
		{0F4811DC-51B1-4D5C-9AD4-843108EC1E31}.CPP Lite Debug|Win32.Build.0 = CPP Lite Debug|Win32
		{0F4811DC-51B1-4D5C-9AD4-843108EC1E31}.CPP Lite Release|Win32.ActiveCfg = CPP Lite Release|Win32
		{0F4811DC-51B1-4D5C-9AD4-843108EC1E31}.CPP Lite Release|Win32.Build.0 = CPP Lite Release|Win32
		{0F4811DC-51B1-4D5C-9AD4-843108EC1E31}.CPP PM Debug|Win32.ActiveCfg = CPP PM Debug|Win32
		{0F4811DC-51B1-4D5C-9AD4-843108EC1E31}.CPP PM Debug|Win32.Build.0 = CPP PM Debug|Win32
		{0F4811DC-51B1-4D5C-9AD4-843108EC1E31}.CPP PM Release|Win32.ActiveCfg = CPP PM Release|Win32
		{0F4811DC-51B1-4D5C-9AD4-843108EC1E31}.CPP PM Release|Win32.Build.0 = CPP PM Release|Win32
		{0F4811DC-51B1-4D5C-9AD4-843108EC1E31}.CPP Pro Debug|Win32.ActiveCfg = CPP Pro Debug|Win32
		{0F4811DC-51B1-4D5C-9AD4-843108EC1E31}.CPP Pro Debug|Win32.Build.0 = CPP Pro Debug|Win32
		{0F4811DC-51B1-4D5C-9AD4-843108EC1E31}.CPP Pro Release|Win32.ActiveCfg = CPP Pro Release|Win32
		{0F4811DC-51B1-4D5C-9AD4-843108EC1E31}.CPP Pro Release|Win32.Build.0 = CPP Pro Release|Win32
		{0F4811DC-51B1-4D5C-9AD4-843108EC1E31}.Debug|Win32.ActiveCfg = CPP Lite Debug|Win32
		{0F4811DC-51B1-4D5C-9AD4-843108EC1E31}.Debug|Win32.Build.0 = CPP Lite Debug|Win32
		{0F4811DC-51B1-4D5C-9AD4-843108EC1E31}.Java Lite Debug|Win32.ActiveCfg = Java Lite Debug|Win32
		{0F4811DC-51B1-4D5C-9AD4-843108EC1E31}.Java Lite Debug|Win32.Build.0 = Java Lite Debug|Win32
		{0F4811DC-51B1-4D5C-9AD4-843108EC1E31}.Java Lite Release|Win32.ActiveCfg = Java Lite Release|Win32
		{0F4811DC-51B1-4D5C-9AD4-843108EC1E31}.Java Lite Release|Win32.Build.0 = Java Lite Release|Win32
		{0F4811DC-51B1-4D5C-9AD4-843108EC1E31}.Java PM Debug|Win32.ActiveCfg = Java PM Debug|Win32
		{0F4811DC-51B1-4D5C-9AD4-843108EC1E31}.Java PM Debug|Win32.Build.0 = Java PM Debug|Win32
		{0F4811DC-51B1-4D5C-9AD4-843108EC1E31}.Java PM Release|Win32.ActiveCfg = Java PM Release|Win32
		{0F4811DC-51B1-4D5C-9AD4-843108EC1E31}.Java PM Release|Win32.Build.0 = Java PM Release|Win32
		{0F4811DC-51B1-4D5C-9AD4-843108EC1E31}.Java Pro Debug|Win32.ActiveCfg = Java Pro Debug|Win32
		{0F4811DC-51B1-4D5C-9AD4-843108EC1E31}.Java Pro Debug|Win32.Build.0 = Java Pro Debug|Win32
		{0F4811DC-51B1-4D5C-9AD4-843108EC1E31}.Java Pro Release|Win32.ActiveCfg = Java Pro Release|Win32
		{0F4811DC-51B1-4D5C-9AD4-843108EC1E31}.Java Pro Release|Win32.Build.0 = Java Pro Release|Win32
		{0F4811DC-51B1-4D5C-9AD4-843108EC1E31}.Release|Win32.ActiveCfg = Java Lite Release|Win32
		{0F4811DC-51B1-4D5C-9AD4-843108EC1E31}.Release|Win32.Build.0 = Java Lite Release|Win32
		{388BDF3F-182D-4FD4-9B36-BBEC1DFEEBC2}.Console Release|Win32.ActiveCfg = Release|Win32
		{388BDF3F-182D-4FD4-9B36-BBEC1DFEEBC2}.Console Release|Win32.Build.0 = Release|Win32
		{388BDF3F-182D-4FD4-9B36-BBEC1DFEEBC2}.CPP Lite Debug|Win32.ActiveCfg = Debug|Win32
		{388BDF3F-182D-4FD4-9B36-BBEC1DFEEBC2}.CPP Lite Debug|Win32.Build.0 = Debug|Win32
		{388BDF3F-182D-4FD4-9B36-BBEC1DFEEBC2}.CPP Lite Release|Win32.ActiveCfg = Release|Win32
		{388BDF3F-182D-4FD4-9B36-BBEC1DFEEBC2}.CPP Lite Release|Win32.Build.0 = Release|Win32
		{388BDF3F-182D-4FD4-9B36-BBEC1DFEEBC2}.CPP PM Debug|Win32.ActiveCfg = Debug|Win32
		{388BDF3F-182D-4FD4-9B36-BBEC1DFEEBC2}.CPP PM Debug|Win32.Build.0 = Debug|Win32
		{388BDF3F-182D-4FD4-9B36-BBEC1DFEEBC2}.CPP PM Release|Win32.ActiveCfg = Release|Win32
		{388BDF3F-182D-4FD4-9B36-BBEC1DFEEBC2}.CPP PM Release|Win32.Build.0 = Release|Win32
		{388BDF3F-182D-4FD4-9B36-BBEC1DFEEBC2}.CPP Pro Debug|Win32.ActiveCfg = Debug|Win32
		{388BDF3F-182D-4FD4-9B36-BBEC1DFEEBC2}.CPP Pro Debug|Win32.Build.0 = Debug|Win32
		{388BDF3F-182D-4FD4-9B36-BBEC1DFEEBC2}.CPP Pro Release|Win32.ActiveCfg = Release|Win32
		{388BDF3F-182D-4FD4-9B36-BBEC1DFEEBC2}.CPP Pro Release|Win32.Build.0 = Release|Win32
		{388BDF3F-182D-4FD4-9B36-BBEC1DFEEBC2}.Debug|Win32.ActiveCfg = Debug|Win32
		{388BDF3F-182D-4FD4-9B36-BBEC1DFEEBC2}.Debug|Win32.Build.0 = Debug|Win32
		{388BDF3F-182D-4FD4-9B36-BBEC1DFEEBC2}.Java Lite Debug|Win32.ActiveCfg = Debug|Win32
		{388BDF3F-182D-4FD4-9B36-BBEC1DFEEBC2}.Java Lite Debug|Win32.Build.0 = Debug|Win32
		{388BDF3F-182D-4FD4-9B36-BBEC1DFEEBC2}.Java Lite Release|Win32.ActiveCfg = Release|Win32
		{388BDF3F-182D-4FD4-9B36-BBEC1DFEEBC2}.Java Lite Release|Win32.Build.0 = Release|Win32
		{388BDF3F-182D-4FD4-9B36-BBEC1DFEEBC2}.Java PM Debug|Win32.ActiveCfg = Debug|Win32
		{388BDF3F-182D-4FD4-9B36-BBEC1DFEEBC2}.Java PM Debug|Win32.Build.0 = Debug|Win32
		{388BDF3F-182D-4FD4-9B36-BBEC1DFEEBC2}.Java PM Release|Win32.ActiveCfg = Release|Win32
		{388BDF3F-182D-4FD4-9B36-BBEC1DFEEBC2}.Java PM Release|Win32.Build.0 = Release|Win32
		{388BDF3F-182D-4FD4-9B36-BBEC1DFEEBC2}.Java Pro Debug|Win32.ActiveCfg = Debug|Win32
		{388BDF3F-182D-4FD4-9B36-BBEC1DFEEBC2}.Java Pro Debug|Win32.Build.0 = Debug|Win32
		{388BDF3F-182D-4FD4-9B36-BBEC1DFEEBC2}.Java Pro Release|Win32.ActiveCfg = Release|Win32
		{388BDF3F-182D-4FD4-9B36-BBEC1DFEEBC2}.Java Pro Release|Win32.Build.0 = Release|Win32
		{388BDF3F-182D-4FD4-9B36-BBEC1DFEEBC2}.Release|Win32.ActiveCfg = Release|Win32
		{388BDF3F-182D-4FD4-9B36-BBEC1DFEEBC2}.Release|Win32.Build.0 = Release|Win32
		{F8063924-08C7-4D99-AD83-9CBFEDCF76E1}.Console Release|Win32.ActiveCfg = Console Release|Win32
		{F8063924-08C7-4D99-AD83-9CBFEDCF76E1}.Console Release|Win32.Build.0 = Console Release|Win32
		{F8063924-08C7-4D99-AD83-9CBFEDCF76E1}.CPP Lite Debug|Win32.ActiveCfg = Debug|Win32
		{F8063924-08C7-4D99-AD83-9CBFEDCF76E1}.CPP Lite Debug|Win32.Build.0 = Debug|Win32
		{F8063924-08C7-4D99-AD83-9CBFEDCF76E1}.CPP Lite Release|Win32.ActiveCfg = Release|Win32
		{F8063924-08C7-4D99-AD83-9CBFEDCF76E1}.CPP Lite Release|Win32.Build.0 = Release|Win32
		{F8063924-08C7-4D99-AD83-9CBFEDCF76E1}.CPP PM Debug|Win32.ActiveCfg = Debug|Win32
		{F8063924-08C7-4D99-AD83-9CBFEDCF76E1}.CPP PM Debug|Win32.Build.0 = Debug|Win32
		{F8063924-08C7-4D99-AD83-9CBFEDCF76E1}.CPP PM Release|Win32.ActiveCfg = Release|Win32
		{F8063924-08C7-4D99-AD83-9CBFEDCF76E1}.CPP PM Release|Win32.Build.0 = Release|Win32
		{F8063924-08C7-4D99-AD83-9CBFEDCF76E1}.CPP Pro Debug|Win32.ActiveCfg = Console Release|Win32
		{F8063924-08C7-4D99-AD83-9CBFEDCF76E1}.CPP Pro Debug|Win32.Build.0 = Console Release|Win32
		{F8063924-08C7-4D99-AD83-9CBFEDCF76E1}.CPP Pro Release|Win32.ActiveCfg = Release|Win32
		{F8063924-08C7-4D99-AD83-9CBFEDCF76E1}.CPP Pro Release|Win32.Build.0 = Release|Win32
		{F8063924-08C7-4D99-AD83-9CBFEDCF76E1}.Debug|Win32.ActiveCfg = Debug|Win32
		{F8063924-08C7-4D99-AD83-9CBFEDCF76E1}.Debug|Win32.Build.0 = Debug|Win32
		{F8063924-08C7-4D99-AD83-9CBFEDCF76E1}.Java Lite Debug|Win32.ActiveCfg = Debug|Win32
		{F8063924-08C7-4D99-AD83-9CBFEDCF76E1}.Java Lite Debug|Win32.Build.0 = Debug|Win32
		{F8063924-08C7-4D99-AD83-9CBFEDCF76E1}.Java Lite Release|Win32.ActiveCfg = Release|Win32
		{F8063924-08C7-4D99-AD83-9CBFEDCF76E1}.Java Lite Release|Win32.Build.0 = Release|Win32
		{F8063924-08C7-4D99-AD83-9CBFEDCF76E1}.Java PM Debug|Win32.ActiveCfg = Debug|Win32
		{F8063924-08C7-4D99-AD83-9CBFEDCF76E1}.Java PM Debug|Win32.Build.0 = Debug|Win32
		{F8063924-08C7-4D99-AD83-9CBFEDCF76E1}.Java PM Release|Win32.ActiveCfg = Release|Win32
		{F8063924-08C7-4D99-AD83-9CBFEDCF76E1}.Java PM Release|Win32.Build.0 = Release|Win32
		{F8063924-08C7-4D99-AD83-9CBFEDCF76E1}.Java Pro Debug|Win32.ActiveCfg = Debug|Win32
		{F8063924-08C7-4D99-AD83-9CBFEDCF76E1}.Java Pro Debug|Win32.Build.0 = Debug|Win32
		{F8063924-08C7-4D99-AD83-9CBFEDCF76E1}.Java Pro Release|Win32.ActiveCfg = Release|Win32
		{F8063924-08C7-4D99-AD83-9CBFEDCF76E1}.Java Pro Release|Win32.Build.0 = Release|Win32
		{F8063924-08C7-4D99-AD83-9CBFEDCF76E1}.Release|Win32.ActiveCfg = Release|Win32
		{F8063924-08C7-4D99-AD83-9CBFEDCF76E1}.Release|Win32.Build.0 = Release|Win32
	EndGlobalSection
	GlobalSection(SolutionProperties) = preSolution
		HideSolutionNode = FALSE
	EndGlobalSection
EndGlobal
